
Microsoft Visual Studio Solution File, Format Version 12.00
# Visual Studio Version 17
VisualStudioVersion = 17.5.002.0
MinimumVisualStudioVersion = 10.0.40219.1
Project("{9A19103F-16F7-4668-BE54-9A1E7A4F7556}") = "Client_Holu_Win", "Client_Holu_Win.csproj", "{B6E5B9F9-83D8-4491-AD88-EE5829125B6F}"
EndProject
Global
	GlobalSection(SolutionConfigurationPlatforms) = preSolution
		Debug|Any CPU = Debug|Any CPU
		Release|Any CPU = Release|Any CPU
	EndGlobalSection
	GlobalSection(ProjectConfigurationPlatforms) = postSolution
		{B6E5B9F9-83D8-4491-AD88-EE5829125B6F}.Debug|Any CPU.ActiveCfg = Debug|Any CPU
		{B6E5B9F9-83D8-4491-AD88-EE5829125B6F}.Debug|Any CPU.Build.0 = Debug|Any CPU
		{B6E5B9F9-83D8-4491-AD88-EE5829125B6F}.Release|Any CPU.ActiveCfg = Release|Any CPU
		{B6E5B9F9-83D8-4491-AD88-EE5829125B6F}.Release|Any CPU.Build.0 = Release|Any CPU
	EndGlobalSection
	GlobalSection(SolutionProperties) = preSolution
		HideSolutionNode = FALSE
	EndGlobalSection
	GlobalSection(ExtensibilityGlobals) = postSolution
		SolutionGuid = {D5C0B2EF-3C55-42B7-99D2-AC38D49C9EC4}
	EndGlobalSection
EndGlobal
